
Microsoft Visual Studio Solution File, Format Version 12.00
# Visual Studio Version 16
VisualStudioVersion = 16.0.30011.22
MinimumVisualStudioVersion = 15.0.26124.0
Project("{2150E333-8FDC-42A3-9474-1A3956D46DE8}") = "Contextos", "Contextos", "{CA9EE5E6-89AA-4E1C-A55D-83F8311B507C}"
EndProject
Project("{2150E333-8FDC-42A3-9474-1A3956D46DE8}") = "Cadastros", "Cadastros", "{1AB9DAC1-0E4E-4513-AA77-779282A4FE9E}"
EndProject
Project("{2150E333-8FDC-42A3-9474-1A3956D46DE8}") = "src", "src", "{3102465E-42F1-44FB-87B0-61B42E18DA35}"
EndProject
Project("{2150E333-8FDC-42A3-9474-1A3956D46DE8}") = "tests", "tests", "{3CFF9DD6-7476-4870-A6D4-9355952200D3}"
EndProject
Project("{9A19103F-16F7-4668-BE54-9A1E7A4F7556}") = "FirstOne.Cadastros.Api", "src\FirstOne.Cadastros.Api\FirstOne.Cadastros.Api.csproj", "{99D5EBA3-DF43-46BE-9B06-DEA20679F152}"
EndProject
Project("{9A19103F-16F7-4668-BE54-9A1E7A4F7556}") = "FirstOne.Cadastros.Domain", "src\FirstOne.Cadastros.Domain\FirstOne.Cadastros.Domain.csproj", "{84490E0F-76E6-456C-A767-3EB0B15E1D2F}"
EndProject
Project("{9A19103F-16F7-4668-BE54-9A1E7A4F7556}") = "FirstOne.Cadastros.Infra.Data", "src\FirstOne.Cadastros.Infra.Data\FirstOne.Cadastros.Infra.Data.csproj", "{6CA44076-1E2A-40DB-8A6B-00246F2FDB1C}"
EndProject
Project("{9A19103F-16F7-4668-BE54-9A1E7A4F7556}") = "FirstOne.Cadastros.Application", "src\FirstOne.Cadastros.Application\FirstOne.Cadastros.Application.csproj", "{0797DD98-C6D9-45A9-939B-E6D1BF3E8F8F}"
EndProject
Project("{9A19103F-16F7-4668-BE54-9A1E7A4F7556}") = "FirstOne.Cadastros.Domain.Tests", "FirstOne.Cadastros.Domain.Tests\FirstOne.Cadastros.Domain.Tests.csproj", "{CC016121-BEF5-4ECD-BC15-89F06D6EACCF}"
EndProject
Project("{9A19103F-16F7-4668-BE54-9A1E7A4F7556}") = "FirstOne.Cadastros.Application.Tests", "FirstOne.Cadastros.Application.Tests\FirstOne.Cadastros.Application.Tests.csproj", "{A9882FA0-5605-4511-8380-51FFB884CDAF}"
EndProject
Project("{FAE04EC0-301F-11D3-BF4B-00C04F79EFBC}") = "FirstOne.Cadastros.Api.Tests", "tests\FirstOne.Cadastros.Api.Tests\FirstOne.Cadastros.Api.Tests.csproj", "{1DB96E1D-6520-47FB-B167-49643D99A3F4}"
EndProject
Global
	GlobalSection(SolutionConfigurationPlatforms) = preSolution
		Debug|Any CPU = Debug|Any CPU
		Debug|x64 = Debug|x64
		Debug|x86 = Debug|x86
		Release|Any CPU = Release|Any CPU
		Release|x64 = Release|x64
		Release|x86 = Release|x86
	EndGlobalSection
	GlobalSection(ProjectConfigurationPlatforms) = postSolution
		{99D5EBA3-DF43-46BE-9B06-DEA20679F152}.Debug|Any CPU.ActiveCfg = Debug|Any CPU
		{99D5EBA3-DF43-46BE-9B06-DEA20679F152}.Debug|Any CPU.Build.0 = Debug|Any CPU
		{99D5EBA3-DF43-46BE-9B06-DEA20679F152}.Debug|x64.ActiveCfg = Debug|Any CPU
		{99D5EBA3-DF43-46BE-9B06-DEA20679F152}.Debug|x64.Build.0 = Debug|Any CPU
		{99D5EBA3-DF43-46BE-9B06-DEA20679F152}.Debug|x86.ActiveCfg = Debug|Any CPU
		{99D5EBA3-DF43-46BE-9B06-DEA20679F152}.Debug|x86.Build.0 = Debug|Any CPU
		{99D5EBA3-DF43-46BE-9B06-DEA20679F152}.Release|Any CPU.ActiveCfg = Release|Any CPU
		{99D5EBA3-DF43-46BE-9B06-DEA20679F152}.Release|Any CPU.Build.0 = Release|Any CPU
		{99D5EBA3-DF43-46BE-9B06-DEA20679F152}.Release|x64.ActiveCfg = Release|Any CPU
		{99D5EBA3-DF43-46BE-9B06-DEA20679F152}.Release|x64.Build.0 = Release|Any CPU
		{99D5EBA3-DF43-46BE-9B06-DEA20679F152}.Release|x86.ActiveCfg = Release|Any CPU
		{99D5EBA3-DF43-46BE-9B06-DEA20679F152}.Release|x86.Build.0 = Release|Any CPU
		{84490E0F-76E6-456C-A767-3EB0B15E1D2F}.Debug|Any CPU.ActiveCfg = Debug|Any CPU
		{84490E0F-76E6-456C-A767-3EB0B15E1D2F}.Debug|Any CPU.Build.0 = Debug|Any CPU
		{84490E0F-76E6-456C-A767-3EB0B15E1D2F}.Debug|x64.ActiveCfg = Debug|Any CPU
		{84490E0F-76E6-456C-A767-3EB0B15E1D2F}.Debug|x64.Build.0 = Debug|Any CPU
		{84490E0F-76E6-456C-A767-3EB0B15E1D2F}.Debug|x86.ActiveCfg = Debug|Any CPU
		{84490E0F-76E6-456C-A767-3EB0B15E1D2F}.Debug|x86.Build.0 = Debug|Any CPU
		{84490E0F-76E6-456C-A767-3EB0B15E1D2F}.Release|Any CPU.ActiveCfg = Release|Any CPU
		{84490E0F-76E6-456C-A767-3EB0B15E1D2F}.Release|Any CPU.Build.0 = Release|Any CPU
		{84490E0F-76E6-456C-A767-3EB0B15E1D2F}.Release|x64.ActiveCfg = Release|Any CPU
		{84490E0F-76E6-456C-A767-3EB0B15E1D2F}.Release|x64.Build.0 = Release|Any CPU
		{84490E0F-76E6-456C-A767-3EB0B15E1D2F}.Release|x86.ActiveCfg = Release|Any CPU
		{84490E0F-76E6-456C-A767-3EB0B15E1D2F}.Release|x86.Build.0 = Release|Any CPU
		{6CA44076-1E2A-40DB-8A6B-00246F2FDB1C}.Debug|Any CPU.ActiveCfg = Debug|Any CPU
		{6CA44076-1E2A-40DB-8A6B-00246F2FDB1C}.Debug|Any CPU.Build.0 = Debug|Any CPU
		{6CA44076-1E2A-40DB-8A6B-00246F2FDB1C}.Debug|x64.ActiveCfg = Debug|Any CPU
		{6CA44076-1E2A-40DB-8A6B-00246F2FDB1C}.Debug|x64.Build.0 = Debug|Any CPU
		{6CA44076-1E2A-40DB-8A6B-00246F2FDB1C}.Debug|x86.ActiveCfg = Debug|Any CPU
		{6CA44076-1E2A-40DB-8A6B-00246F2FDB1C}.Debug|x86.Build.0 = Debug|Any CPU
		{6CA44076-1E2A-40DB-8A6B-00246F2FDB1C}.Release|Any CPU.ActiveCfg = Release|Any CPU
		{6CA44076-1E2A-40DB-8A6B-00246F2FDB1C}.Release|Any CPU.Build.0 = Release|Any CPU
		{6CA44076-1E2A-40DB-8A6B-00246F2FDB1C}.Release|x64.ActiveCfg = Release|Any CPU
		{6CA44076-1E2A-40DB-8A6B-00246F2FDB1C}.Release|x64.Build.0 = Release|Any CPU
		{6CA44076-1E2A-40DB-8A6B-00246F2FDB1C}.Release|x86.ActiveCfg = Release|Any CPU
		{6CA44076-1E2A-40DB-8A6B-00246F2FDB1C}.Release|x86.Build.0 = Release|Any CPU
		{0797DD98-C6D9-45A9-939B-E6D1BF3E8F8F}.Debug|Any CPU.ActiveCfg = Debug|Any CPU
		{0797DD98-C6D9-45A9-939B-E6D1BF3E8F8F}.Debug|Any CPU.Build.0 = Debug|Any CPU
		{0797DD98-C6D9-45A9-939B-E6D1BF3E8F8F}.Debug|x64.ActiveCfg = Debug|Any CPU
		{0797DD98-C6D9-45A9-939B-E6D1BF3E8F8F}.Debug|x64.Build.0 = Debug|Any CPU
		{0797DD98-C6D9-45A9-939B-E6D1BF3E8F8F}.Debug|x86.ActiveCfg = Debug|Any CPU
		{0797DD98-C6D9-45A9-939B-E6D1BF3E8F8F}.Debug|x86.Build.0 = Debug|Any CPU
		{0797DD98-C6D9-45A9-939B-E6D1BF3E8F8F}.Release|Any CPU.ActiveCfg = Release|Any CPU
		{0797DD98-C6D9-45A9-939B-E6D1BF3E8F8F}.Release|Any CPU.Build.0 = Release|Any CPU
		{0797DD98-C6D9-45A9-939B-E6D1BF3E8F8F}.Release|x64.ActiveCfg = Release|Any CPU
		{0797DD98-C6D9-45A9-939B-E6D1BF3E8F8F}.Release|x64.Build.0 = Release|Any CPU
		{0797DD98-C6D9-45A9-939B-E6D1BF3E8F8F}.Release|x86.ActiveCfg = Release|Any CPU
		{0797DD98-C6D9-45A9-939B-E6D1BF3E8F8F}.Release|x86.Build.0 = Release|Any CPU
		{CC016121-BEF5-4ECD-BC15-89F06D6EACCF}.Debug|Any CPU.ActiveCfg = Debug|Any CPU
		{CC016121-BEF5-4ECD-BC15-89F06D6EACCF}.Debug|Any CPU.Build.0 = Debug|Any CPU
		{CC016121-BEF5-4ECD-BC15-89F06D6EACCF}.Debug|x64.ActiveCfg = Debug|Any CPU
		{CC016121-BEF5-4ECD-BC15-89F06D6EACCF}.Debug|x64.Build.0 = Debug|Any CPU
		{CC016121-BEF5-4ECD-BC15-89F06D6EACCF}.Debug|x86.ActiveCfg = Debug|Any CPU
		{CC016121-BEF5-4ECD-BC15-89F06D6EACCF}.Debug|x86.Build.0 = Debug|Any CPU
		{CC016121-BEF5-4ECD-BC15-89F06D6EACCF}.Release|Any CPU.ActiveCfg = Release|Any CPU
		{CC016121-BEF5-4ECD-BC15-89F06D6EACCF}.Release|Any CPU.Build.0 = Release|Any CPU
		{CC016121-BEF5-4ECD-BC15-89F06D6EACCF}.Release|x64.ActiveCfg = Release|Any CPU
		{CC016121-BEF5-4ECD-BC15-89F06D6EACCF}.Release|x64.Build.0 = Release|Any CPU
		{CC016121-BEF5-4ECD-BC15-89F06D6EACCF}.Release|x86.ActiveCfg = Release|Any CPU
		{CC016121-BEF5-4ECD-BC15-89F06D6EACCF}.Release|x86.Build.0 = Release|Any CPU
		{A9882FA0-5605-4511-8380-51FFB884CDAF}.Debug|Any CPU.ActiveCfg = Debug|Any CPU
		{A9882FA0-5605-4511-8380-51FFB884CDAF}.Debug|Any CPU.Build.0 = Debug|Any CPU
		{A9882FA0-5605-4511-8380-51FFB884CDAF}.Debug|x64.ActiveCfg = Debug|Any CPU
		{A9882FA0-5605-4511-8380-51FFB884CDAF}.Debug|x64.Build.0 = Debug|Any CPU
		{A9882FA0-5605-4511-8380-51FFB884CDAF}.Debug|x86.ActiveCfg = Debug|Any CPU
		{A9882FA0-5605-4511-8380-51FFB884CDAF}.Debug|x86.Build.0 = Debug|Any CPU
		{A9882FA0-5605-4511-8380-51FFB884CDAF}.Release|Any CPU.ActiveCfg = Release|Any CPU
		{A9882FA0-5605-4511-8380-51FFB884CDAF}.Release|Any CPU.Build.0 = Release|Any CPU
		{A9882FA0-5605-4511-8380-51FFB884CDAF}.Release|x64.ActiveCfg = Release|Any CPU
		{A9882FA0-5605-4511-8380-51FFB884CDAF}.Release|x64.Build.0 = Release|Any CPU
		{A9882FA0-5605-4511-8380-51FFB884CDAF}.Release|x86.ActiveCfg = Release|Any CPU
		{A9882FA0-5605-4511-8380-51FFB884CDAF}.Release|x86.Build.0 = Release|Any CPU
		{1DB96E1D-6520-47FB-B167-49643D99A3F4}.Debug|Any CPU.ActiveCfg = Debug|Any CPU
		{1DB96E1D-6520-47FB-B167-49643D99A3F4}.Debug|Any CPU.Build.0 = Debug|Any CPU
		{1DB96E1D-6520-47FB-B167-49643D99A3F4}.Debug|x64.ActiveCfg = Debug|Any CPU
		{1DB96E1D-6520-47FB-B167-49643D99A3F4}.Debug|x64.Build.0 = Debug|Any CPU
		{1DB96E1D-6520-47FB-B167-49643D99A3F4}.Debug|x86.ActiveCfg = Debug|Any CPU
		{1DB96E1D-6520-47FB-B167-49643D99A3F4}.Debug|x86.Build.0 = Debug|Any CPU
		{1DB96E1D-6520-47FB-B167-49643D99A3F4}.Release|Any CPU.ActiveCfg = Release|Any CPU
		{1DB96E1D-6520-47FB-B167-49643D99A3F4}.Release|Any CPU.Build.0 = Release|Any CPU
		{1DB96E1D-6520-47FB-B167-49643D99A3F4}.Release|x64.ActiveCfg = Release|Any CPU
		{1DB96E1D-6520-47FB-B167-49643D99A3F4}.Release|x64.Build.0 = Release|Any CPU
		{1DB96E1D-6520-47FB-B167-49643D99A3F4}.Release|x86.ActiveCfg = Release|Any CPU
		{1DB96E1D-6520-47FB-B167-49643D99A3F4}.Release|x86.Build.0 = Release|Any CPU
	EndGlobalSection
	GlobalSection(SolutionProperties) = preSolution
		HideSolutionNode = FALSE
	EndGlobalSection
	GlobalSection(NestedProjects) = preSolution
		{1AB9DAC1-0E4E-4513-AA77-779282A4FE9E} = {CA9EE5E6-89AA-4E1C-A55D-83F8311B507C}
		{3102465E-42F1-44FB-87B0-61B42E18DA35} = {1AB9DAC1-0E4E-4513-AA77-779282A4FE9E}
		{3CFF9DD6-7476-4870-A6D4-9355952200D3} = {1AB9DAC1-0E4E-4513-AA77-779282A4FE9E}
		{99D5EBA3-DF43-46BE-9B06-DEA20679F152} = {3102465E-42F1-44FB-87B0-61B42E18DA35}
		{84490E0F-76E6-456C-A767-3EB0B15E1D2F} = {3102465E-42F1-44FB-87B0-61B42E18DA35}
		{6CA44076-1E2A-40DB-8A6B-00246F2FDB1C} = {3102465E-42F1-44FB-87B0-61B42E18DA35}
		{0797DD98-C6D9-45A9-939B-E6D1BF3E8F8F} = {3102465E-42F1-44FB-87B0-61B42E18DA35}
		{CC016121-BEF5-4ECD-BC15-89F06D6EACCF} = {3CFF9DD6-7476-4870-A6D4-9355952200D3}
		{A9882FA0-5605-4511-8380-51FFB884CDAF} = {3CFF9DD6-7476-4870-A6D4-9355952200D3}
		{1DB96E1D-6520-47FB-B167-49643D99A3F4} = {3CFF9DD6-7476-4870-A6D4-9355952200D3}
	EndGlobalSection
	GlobalSection(ExtensibilityGlobals) = postSolution
		SolutionGuid = {461F6E1F-D37F-4C96-806D-7D82148B4DF0}
	EndGlobalSection
EndGlobal
